
Microsoft Visual Studio Solution File, Format Version 12.00
# Visual Studio 15
VisualStudioVersion = 15.0.27428.2027
MinimumVisualStudioVersion = 10.0.40219.1
Project("{FAE04EC0-301F-11D3-BF4B-00C04F79EFBC}") = "WcfServiceContract", "WcfServiceContract\WcfServiceContract.csproj", "{07C3571F-3E49-4F14-86E7-63E99CCF0BFF}"
EndProject
Project("{FAE04EC0-301F-11D3-BF4B-00C04F79EFBC}") = "WcfServiceHost_V2", "WcfServiceHost_V2\WcfServiceHost_V2.csproj", "{0394A57A-9B37-42B6-BE98-3DC959918836}"
EndProject
Global
	GlobalSection(SolutionConfigurationPlatforms) = preSolution
		Debug|Any CPU = Debug|Any CPU
		Release|Any CPU = Release|Any CPU
	EndGlobalSection
	GlobalSection(ProjectConfigurationPlatforms) = postSolution
		{07C3571F-3E49-4F14-86E7-63E99CCF0BFF}.Debug|Any CPU.ActiveCfg = Debug|Any CPU
		{07C3571F-3E49-4F14-86E7-63E99CCF0BFF}.Debug|Any CPU.Build.0 = Debug|Any CPU
		{07C3571F-3E49-4F14-86E7-63E99CCF0BFF}.Release|Any CPU.ActiveCfg = Release|Any CPU
		{07C3571F-3E49-4F14-86E7-63E99CCF0BFF}.Release|Any CPU.Build.0 = Release|Any CPU
		{0394A57A-9B37-42B6-BE98-3DC959918836}.Debug|Any CPU.ActiveCfg = Debug|Any CPU
		{0394A57A-9B37-42B6-BE98-3DC959918836}.Debug|Any CPU.Build.0 = Debug|Any CPU
		{0394A57A-9B37-42B6-BE98-3DC959918836}.Release|Any CPU.ActiveCfg = Release|Any CPU
		{0394A57A-9B37-42B6-BE98-3DC959918836}.Release|Any CPU.Build.0 = Release|Any CPU
	EndGlobalSection
	GlobalSection(SolutionProperties) = preSolution
		HideSolutionNode = FALSE
	EndGlobalSection
	GlobalSection(ExtensibilityGlobals) = postSolution
		SolutionGuid = {8889F40F-C752-4588-B3F2-0EF734F7D8AA}
	EndGlobalSection
EndGlobal
